Microsoft Visual Studio Solution File, Format Version 12.00
# Visual Studio Version 17
VisualStudioVersion = 17.13.35919.96
MinimumVisualStudioVersion = 10.0.40219.1
Project("{FAE04EC0-301F-11D3-BF4B-00C04F79EFBC}") = "KismetAnalyzer.CFG", "KismetAnalyzer.CFG\KismetAnalyzer.CFG.csproj", "{9D7BA1F5-77D2-4676-BB77-806D24F1600D}"
EndProject
Project("{2150E333-8FDC-42A3-9474-1A3956D46DE8}") = "UAssetAPI", "UAssetAPI", "{914DFA76-8F17-14AF-4B4B-337E1BB248F1}"
EndProject
Project("{FAE04EC0-301F-11D3-BF4B-00C04F79EFBC}") = "UAssetAPI", "UAssetAPI\UAssetAPI\UAssetAPI.csproj", "{178417EC-1177-413E-BE85-C83AECD64279}"
EndProject
Project("{FAE04EC0-301F-11D3-BF4B-00C04F79EFBC}") = "UAssetStudio.Cli", "UAssetStudio.Cli\UAssetStudio.Cli.csproj", "{B80165F2-DE83-44F3-A89D-E0189D2136C1}"
EndProject
Project("{FAE04EC0-301F-11D3-BF4B-00C04F79EFBC}") = "KismetDecompiler.Library", "KismetDecompiler.Library\KismetDecompiler.Library.csproj", "{C3E9C1B0-7C2A-4B2D-9F71-1A2B3C4D5E6F}"
EndProject
Project("{FAE04EC0-301F-11D3-BF4B-00C04F79EFBC}") = "KismetLinker.Library", "KismetLinker.Library\KismetLinker.Library.csproj", "{7F6A4312-3B5A-4C4A-BE3D-1E2F3A4B5C6D}"
EndProject
Project("{FAE04EC0-301F-11D3-BF4B-00C04F79EFBC}") = "KismetScript.Syntax", "KismetScript.Syntax\KismetScript.Syntax.csproj", "{06E1653A-0BC4-49CA-A6BA-670461A56AD4}"
EndProject
Project("{FAE04EC0-301F-11D3-BF4B-00C04F79EFBC}") = "KismetScript.Parser", "KismetScript.Parser\KismetScript.Parser.csproj", "{B1C2D3E4-2345-6789-ABCD-EF012345679A}"
EndProject
Project("{FAE04EC0-301F-11D3-BF4B-00C04F79EFBC}") = "Kismet.Compiler", "Kismet.Compiler\Kismet.Compiler.csproj", "{A1B2C3D4-1234-5678-9ABC-DEF012345679}"
EndProject
Global
	GlobalSection(SolutionConfigurationPlatforms) = preSolution
		Debug|Any CPU = Debug|Any CPU
		Debug|x64 = Debug|x64
		Debug|x86 = Debug|x86
		Release|Any CPU = Release|Any CPU
		Release|x64 = Release|x64
		Release|x86 = Release|x86
	EndGlobalSection
	GlobalSection(ProjectConfigurationPlatforms) = postSolution
		{9D7BA1F5-77D2-4676-BB77-806D24F1600D}.Debug|Any CPU.ActiveCfg = Debug|Any CPU
		{9D7BA1F5-77D2-4676-BB77-806D24F1600D}.Debug|Any CPU.Build.0 = Debug|Any CPU
		{9D7BA1F5-77D2-4676-BB77-806D24F1600D}.Debug|x64.ActiveCfg = Debug|Any CPU
		{9D7BA1F5-77D2-4676-BB77-806D24F1600D}.Debug|x64.Build.0 = Debug|Any CPU
		{9D7BA1F5-77D2-4676-BB77-806D24F1600D}.Debug|x86.ActiveCfg = Debug|Any CPU
		{9D7BA1F5-77D2-4676-BB77-806D24F1600D}.Debug|x86.Build.0 = Debug|Any CPU
		{9D7BA1F5-77D2-4676-BB77-806D24F1600D}.Release|Any CPU.ActiveCfg = Release|Any CPU
		{9D7BA1F5-77D2-4676-BB77-806D24F1600D}.Release|Any CPU.Build.0 = Release|Any CPU
		{9D7BA1F5-77D2-4676-BB77-806D24F1600D}.Release|x64.ActiveCfg = Release|Any CPU
		{9D7BA1F5-77D2-4676-BB77-806D24F1600D}.Release|x64.Build.0 = Release|Any CPU
		{9D7BA1F5-77D2-4676-BB77-806D24F1600D}.Release|x86.ActiveCfg = Release|Any CPU
		{9D7BA1F5-77D2-4676-BB77-806D24F1600D}.Release|x86.Build.0 = Release|Any CPU
		{178417EC-1177-413E-BE85-C83AECD64279}.Debug|Any CPU.ActiveCfg = Debug|Any CPU
		{178417EC-1177-413E-BE85-C83AECD64279}.Debug|Any CPU.Build.0 = Debug|Any CPU
		{178417EC-1177-413E-BE85-C83AECD64279}.Debug|x64.ActiveCfg = Debug|Any CPU
		{178417EC-1177-413E-BE85-C83AECD64279}.Debug|x64.Build.0 = Debug|Any CPU
		{178417EC-1177-413E-BE85-C83AECD64279}.Debug|x86.ActiveCfg = Debug|x86
		{178417EC-1177-413E-BE85-C83AECD64279}.Debug|x86.Build.0 = Debug|x86
		{178417EC-1177-413E-BE85-C83AECD64279}.Release|Any CPU.ActiveCfg = Release|Any CPU
		{178417EC-1177-413E-BE85-C83AECD64279}.Release|Any CPU.Build.0 = Release|Any CPU
		{178417EC-1177-413E-BE85-C83AECD64279}.Release|x64.ActiveCfg = Release|Any CPU
		{178417EC-1177-413E-BE85-C83AECD64279}.Release|x64.Build.0 = Release|Any CPU
		{178417EC-1177-413E-BE85-C83AECD64279}.Release|x86.ActiveCfg = Release|x86
		{178417EC-1177-413E-BE85-C83AECD64279}.Release|x86.Build.0 = Release|x86
		{B80165F2-DE83-44F3-A89D-E0189D2136C1}.Debug|Any CPU.ActiveCfg = Debug|Any CPU
		{B80165F2-DE83-44F3-A89D-E0189D2136C1}.Debug|Any CPU.Build.0 = Debug|Any CPU
		{B80165F2-DE83-44F3-A89D-E0189D2136C1}.Debug|x64.ActiveCfg = Debug|Any CPU
		{B80165F2-DE83-44F3-A89D-E0189D2136C1}.Debug|x64.Build.0 = Debug|Any CPU
		{B80165F2-DE83-44F3-A89D-E0189D2136C1}.Debug|x86.ActiveCfg = Debug|Any CPU
		{B80165F2-DE83-44F3-A89D-E0189D2136C1}.Debug|x86.Build.0 = Debug|Any CPU
		{B80165F2-DE83-44F3-A89D-E0189D2136C1}.Release|Any CPU.ActiveCfg = Release|Any CPU
		{B80165F2-DE83-44F3-A89D-E0189D2136C1}.Release|Any CPU.Build.0 = Release|Any CPU
		{B80165F2-DE83-44F3-A89D-E0189D2136C1}.Release|x64.ActiveCfg = Release|Any CPU
		{B80165F2-DE83-44F3-A89D-E0189D2136C1}.Release|x64.Build.0 = Release|Any CPU
		{B80165F2-DE83-44F3-A89D-E0189D2136C1}.Release|x86.ActiveCfg = Release|Any CPU
		{B80165F2-DE83-44F3-A89D-E0189D2136C1}.Release|x86.Build.0 = Release|Any CPU
		{C3E9C1B0-7C2A-4B2D-9F71-1A2B3C4D5E6F}.Debug|Any CPU.ActiveCfg = Debug|Any CPU
		{C3E9C1B0-7C2A-4B2D-9F71-1A2B3C4D5E6F}.Debug|Any CPU.Build.0 = Debug|Any CPU
		{C3E9C1B0-7C2A-4B2D-9F71-1A2B3C4D5E6F}.Debug|x64.ActiveCfg = Debug|Any CPU
		{C3E9C1B0-7C2A-4B2D-9F71-1A2B3C4D5E6F}.Debug|x64.Build.0 = Debug|Any CPU
		{C3E9C1B0-7C2A-4B2D-9F71-1A2B3C4D5E6F}.Debug|x86.ActiveCfg = Debug|Any CPU
		{C3E9C1B0-7C2A-4B2D-9F71-1A2B3C4D5E6F}.Debug|x86.Build.0 = Debug|Any CPU
		{C3E9C1B0-7C2A-4B2D-9F71-1A2B3C4D5E6F}.Release|Any CPU.ActiveCfg = Release|Any CPU
		{C3E9C1B0-7C2A-4B2D-9F71-1A2B3C4D5E6F}.Release|Any CPU.Build.0 = Release|Any CPU
		{C3E9C1B0-7C2A-4B2D-9F71-1A2B3C4D5E6F}.Release|x64.ActiveCfg = Release|Any CPU
		{C3E9C1B0-7C2A-4B2D-9F71-1A2B3C4D5E6F}.Release|x64.Build.0 = Release|Any CPU
		{C3E9C1B0-7C2A-4B2D-9F71-1A2B3C4D5E6F}.Release|x86.ActiveCfg = Release|Any CPU
		{C3E9C1B0-7C2A-4B2D-9F71-1A2B3C4D5E6F}.Release|x86.Build.0 = Release|Any CPU
		{7F6A4312-3B5A-4C4A-BE3D-1E2F3A4B5C6D}.Debug|Any CPU.ActiveCfg = Debug|Any CPU
		{7F6A4312-3B5A-4C4A-BE3D-1E2F3A4B5C6D}.Debug|Any CPU.Build.0 = Debug|Any CPU
		{7F6A4312-3B5A-4C4A-BE3D-1E2F3A4B5C6D}.Debug|x64.ActiveCfg = Debug|Any CPU
		{7F6A4312-3B5A-4C4A-BE3D-1E2F3A4B5C6D}.Debug|x64.Build.0 = Debug|Any CPU
		{7F6A4312-3B5A-4C4A-BE3D-1E2F3A4B5C6D}.Debug|x86.ActiveCfg = Debug|Any CPU
		{7F6A4312-3B5A-4C4A-BE3D-1E2F3A4B5C6D}.Debug|x86.Build.0 = Debug|Any CPU
		{7F6A4312-3B5A-4C4A-BE3D-1E2F3A4B5C6D}.Release|Any CPU.ActiveCfg = Release|Any CPU
		{7F6A4312-3B5A-4C4A-BE3D-1E2F3A4B5C6D}.Release|Any CPU.Build.0 = Release|Any CPU
		{7F6A4312-3B5A-4C4A-BE3D-1E2F3A4B5C6D}.Release|x64.ActiveCfg = Release|Any CPU
		{7F6A4312-3B5A-4C4A-BE3D-1E2F3A4B5C6D}.Release|x64.Build.0 = Release|Any CPU
		{7F6A4312-3B5A-4C4A-BE3D-1E2F3A4B5C6D}.Release|x86.ActiveCfg = Release|Any CPU
		{7F6A4312-3B5A-4C4A-BE3D-1E2F3A4B5C6D}.Release|x86.Build.0 = Release|Any CPU
		{06E1653A-0BC4-49CA-A6BA-670461A56AD4}.Debug|Any CPU.ActiveCfg = Debug|Any CPU
		{06E1653A-0BC4-49CA-A6BA-670461A56AD4}.Debug|Any CPU.Build.0 = Debug|Any CPU
		{06E1653A-0BC4-49CA-A6BA-670461A56AD4}.Debug|x64.ActiveCfg = Debug|Any CPU
		{06E1653A-0BC4-49CA-A6BA-670461A56AD4}.Debug|x64.Build.0 = Debug|Any CPU
		{06E1653A-0BC4-49CA-A6BA-670461A56AD4}.Debug|x86.ActiveCfg = Debug|Any CPU
		{06E1653A-0BC4-49CA-A6BA-670461A56AD4}.Debug|x86.Build.0 = Debug|Any CPU
		{06E1653A-0BC4-49CA-A6BA-670461A56AD4}.Release|Any CPU.ActiveCfg = Release|Any CPU
		{06E1653A-0BC4-49CA-A6BA-670461A56AD4}.Release|Any CPU.Build.0 = Release|Any CPU
		{06E1653A-0BC4-49CA-A6BA-670461A56AD4}.Release|x64.ActiveCfg = Release|Any CPU
		{06E1653A-0BC4-49CA-A6BA-670461A56AD4}.Release|x64.Build.0 = Release|Any CPU
		{06E1653A-0BC4-49CA-A6BA-670461A56AD4}.Release|x86.ActiveCfg = Release|Any CPU
		{06E1653A-0BC4-49CA-A6BA-670461A56AD4}.Release|x86.Build.0 = Release|Any CPU
		{B1C2D3E4-2345-6789-ABCD-EF012345679A}.Debug|Any CPU.ActiveCfg = Debug|Any CPU
		{B1C2D3E4-2345-6789-ABCD-EF012345679A}.Debug|Any CPU.Build.0 = Debug|Any CPU
		{B1C2D3E4-2345-6789-ABCD-EF012345679A}.Debug|x64.ActiveCfg = Debug|Any CPU
		{B1C2D3E4-2345-6789-ABCD-EF012345679A}.Debug|x64.Build.0 = Debug|Any CPU
		{B1C2D3E4-2345-6789-ABCD-EF012345679A}.Debug|x86.ActiveCfg = Debug|Any CPU
		{B1C2D3E4-2345-6789-ABCD-EF012345679A}.Debug|x86.Build.0 = Debug|Any CPU
		{B1C2D3E4-2345-6789-ABCD-EF012345679A}.Release|Any CPU.ActiveCfg = Release|Any CPU
		{B1C2D3E4-2345-6789-ABCD-EF012345679A}.Release|Any CPU.Build.0 = Release|Any CPU
		{B1C2D3E4-2345-6789-ABCD-EF012345679A}.Release|x64.ActiveCfg = Release|Any CPU
		{B1C2D3E4-2345-6789-ABCD-EF012345679A}.Release|x64.Build.0 = Release|Any CPU
		{B1C2D3E4-2345-6789-ABCD-EF012345679A}.Release|x86.ActiveCfg = Release|Any CPU
		{B1C2D3E4-2345-6789-ABCD-EF012345679A}.Release|x86.Build.0 = Release|Any CPU
		{A1B2C3D4-1234-5678-9ABC-DEF012345679}.Debug|Any CPU.ActiveCfg = Debug|Any CPU
		{A1B2C3D4-1234-5678-9ABC-DEF012345679}.Debug|Any CPU.Build.0 = Debug|Any CPU
		{A1B2C3D4-1234-5678-9ABC-DEF012345679}.Debug|x64.ActiveCfg = Debug|Any CPU
		{A1B2C3D4-1234-5678-9ABC-DEF012345679}.Debug|x64.Build.0 = Debug|Any CPU
		{A1B2C3D4-1234-5678-9ABC-DEF012345679}.Debug|x86.ActiveCfg = Debug|Any CPU
		{A1B2C3D4-1234-5678-9ABC-DEF012345679}.Debug|x86.Build.0 = Debug|Any CPU
		{A1B2C3D4-1234-5678-9ABC-DEF012345679}.Release|Any CPU.ActiveCfg = Release|Any CPU
		{A1B2C3D4-1234-5678-9ABC-DEF012345679}.Release|Any CPU.Build.0 = Release|Any CPU
		{A1B2C3D4-1234-5678-9ABC-DEF012345679}.Release|x64.ActiveCfg = Release|Any CPU
		{A1B2C3D4-1234-5678-9ABC-DEF012345679}.Release|x64.Build.0 = Release|Any CPU
		{A1B2C3D4-1234-5678-9ABC-DEF012345679}.Release|x86.ActiveCfg = Release|Any CPU
		{A1B2C3D4-1234-5678-9ABC-DEF012345679}.Release|x86.Build.0 = Release|Any CPU
	EndGlobalSection
	GlobalSection(SolutionProperties) = preSolution
		HideSolutionNode = FALSE
	EndGlobalSection
	GlobalSection(NestedProjects) = preSolution
		{178417EC-1177-413E-BE85-C83AECD64279} = {914DFA76-8F17-14AF-4B4B-337E1BB248F1}
	EndGlobalSection
	GlobalSection(ExtensibilityGlobals) = postSolution
		SolutionGuid = {27D9BE95-3597-4452-9EBA-79DF65D3CF19}
	EndGlobalSection
EndGlobal
